
Microsoft Visual Studio Solution File, Format Version 12.00
# Visual Studio Version 17
VisualStudioVersion = 17.9.34607.119
MinimumVisualStudioVersion = 10.0.40219.1
Project("{9A19103F-16F7-4668-BE54-9A1E7A4F7556}") = "eShop", "eShop\eShop.csproj", "{8EC1DE8E-F755-4755-85FC-5E0AC7FB0113}"
EndProject
Project("{9A19103F-16F7-4668-BE54-9A1E7A4F7556}") = "DataLayer", "DataLayer\DataLayer.csproj", "{CFC3A740-DBB6-42BA-A059-32C68D19D745}"
EndProject
Project("{9A19103F-16F7-4668-BE54-9A1E7A4F7556}") = "Common", "Common\Common.csproj", "{18218A4B-8AA4-4D43-B571-B9A1E90B5DC1}"
EndProject
Project("{9A19103F-16F7-4668-BE54-9A1E7A4F7556}") = "BusinessLayer", "BusinessLayer\BusinessLayer.csproj", "{521ED21B-9FAF-47E4-96D1-170D107C3FCF}"
EndProject
Project("{9A19103F-16F7-4668-BE54-9A1E7A4F7556}") = "BusinessLayerTests", "BusinessLayerTests\BusinessLayerTests.csproj", "{F6D15D87-F39F-45F9-930B-0491175BBBAC}"
EndProject
Global
	GlobalSection(SolutionConfigurationPlatforms) = preSolution
		Debug|Any CPU = Debug|Any CPU
		Release|Any CPU = Release|Any CPU
	EndGlobalSection
	GlobalSection(ProjectConfigurationPlatforms) = postSolution
		{8EC1DE8E-F755-4755-85FC-5E0AC7FB0113}.Debug|Any CPU.ActiveCfg = Debug|Any CPU
		{8EC1DE8E-F755-4755-85FC-5E0AC7FB0113}.Debug|Any CPU.Build.0 = Debug|Any CPU
		{8EC1DE8E-F755-4755-85FC-5E0AC7FB0113}.Release|Any CPU.ActiveCfg = Release|Any CPU
		{8EC1DE8E-F755-4755-85FC-5E0AC7FB0113}.Release|Any CPU.Build.0 = Release|Any CPU
		{CFC3A740-DBB6-42BA-A059-32C68D19D745}.Debug|Any CPU.ActiveCfg = Debug|Any CPU
		{CFC3A740-DBB6-42BA-A059-32C68D19D745}.Debug|Any CPU.Build.0 = Debug|Any CPU
		{CFC3A740-DBB6-42BA-A059-32C68D19D745}.Release|Any CPU.ActiveCfg = Release|Any CPU
		{CFC3A740-DBB6-42BA-A059-32C68D19D745}.Release|Any CPU.Build.0 = Release|Any CPU
		{18218A4B-8AA4-4D43-B571-B9A1E90B5DC1}.Debug|Any CPU.ActiveCfg = Debug|Any CPU
		{18218A4B-8AA4-4D43-B571-B9A1E90B5DC1}.Debug|Any CPU.Build.0 = Debug|Any CPU
		{18218A4B-8AA4-4D43-B571-B9A1E90B5DC1}.Release|Any CPU.ActiveCfg = Release|Any CPU
		{18218A4B-8AA4-4D43-B571-B9A1E90B5DC1}.Release|Any CPU.Build.0 = Release|Any CPU
		{521ED21B-9FAF-47E4-96D1-170D107C3FCF}.Debug|Any CPU.ActiveCfg = Debug|Any CPU
		{521ED21B-9FAF-47E4-96D1-170D107C3FCF}.Debug|Any CPU.Build.0 = Debug|Any CPU
		{521ED21B-9FAF-47E4-96D1-170D107C3FCF}.Release|Any CPU.ActiveCfg = Release|Any CPU
		{521ED21B-9FAF-47E4-96D1-170D107C3FCF}.Release|Any CPU.Build.0 = Release|Any CPU
		{F6D15D87-F39F-45F9-930B-0491175BBBAC}.Debug|Any CPU.ActiveCfg = Debug|Any CPU
		{F6D15D87-F39F-45F9-930B-0491175BBBAC}.Debug|Any CPU.Build.0 = Debug|Any CPU
		{F6D15D87-F39F-45F9-930B-0491175BBBAC}.Release|Any CPU.ActiveCfg = Release|Any CPU
		{F6D15D87-F39F-45F9-930B-0491175BBBAC}.Release|Any CPU.Build.0 = Release|Any CPU
	EndGlobalSection
	GlobalSection(SolutionProperties) = preSolution
		HideSolutionNode = FALSE
	EndGlobalSection
	GlobalSection(ExtensibilityGlobals) = postSolution
		SolutionGuid = {831D731A-D562-4435-918C-A1E57AB44C17}
	EndGlobalSection
EndGlobal
